
Microsoft Visual Studio Solution File, Format Version 12.00
# Visual Studio Version 17
VisualStudioVersion = 17.4.33122.133
MinimumVisualStudioVersion = 10.0.40219.1
Project("{9A19103F-16F7-4668-BE54-9A1E7A4F7556}") = "CarsInherit", "CarsInherit.csproj", "{EE320E9B-C8D0-4B69-8F07-CDFD709CF25F}"
EndProject
Project("{9A19103F-16F7-4668-BE54-9A1E7A4F7556}") = "CarObjects", "..\CarObjects\CarObjects.csproj", "{24BFE5A2-9411-4F90-BB99-48114DAACCB8}"
EndProject
Project("{9A19103F-16F7-4668-BE54-9A1E7A4F7556}") = "CarsAPI", "..\CarsAPI\CarsAPI.csproj", "{099BCDCB-8836-47FC-8A4E-3E7CAF020EED}"
EndProject
Project("{FAE04EC0-301F-11D3-BF4B-00C04F79EFBC}") = "CarsDAL", "..\CarsDAL\CarsDAL.csproj", "{239EE590-A88B-481C-937A-8A8164B34D4A}"
EndProject
Global
	GlobalSection(SolutionConfigurationPlatforms) = preSolution
		Debug|Any CPU = Debug|Any CPU
		Release|Any CPU = Release|Any CPU
	EndGlobalSection
	GlobalSection(ProjectConfigurationPlatforms) = postSolution
		{EE320E9B-C8D0-4B69-8F07-CDFD709CF25F}.Debug|Any CPU.ActiveCfg = Debug|Any CPU
		{EE320E9B-C8D0-4B69-8F07-CDFD709CF25F}.Debug|Any CPU.Build.0 = Debug|Any CPU
		{EE320E9B-C8D0-4B69-8F07-CDFD709CF25F}.Release|Any CPU.ActiveCfg = Release|Any CPU
		{EE320E9B-C8D0-4B69-8F07-CDFD709CF25F}.Release|Any CPU.Build.0 = Release|Any CPU
		{24BFE5A2-9411-4F90-BB99-48114DAACCB8}.Debug|Any CPU.ActiveCfg = Debug|Any CPU
		{24BFE5A2-9411-4F90-BB99-48114DAACCB8}.Debug|Any CPU.Build.0 = Debug|Any CPU
		{24BFE5A2-9411-4F90-BB99-48114DAACCB8}.Release|Any CPU.ActiveCfg = Release|Any CPU
		{24BFE5A2-9411-4F90-BB99-48114DAACCB8}.Release|Any CPU.Build.0 = Release|Any CPU
		{099BCDCB-8836-47FC-8A4E-3E7CAF020EED}.Debug|Any CPU.ActiveCfg = Debug|Any CPU
		{099BCDCB-8836-47FC-8A4E-3E7CAF020EED}.Debug|Any CPU.Build.0 = Debug|Any CPU
		{099BCDCB-8836-47FC-8A4E-3E7CAF020EED}.Release|Any CPU.ActiveCfg = Release|Any CPU
		{099BCDCB-8836-47FC-8A4E-3E7CAF020EED}.Release|Any CPU.Build.0 = Release|Any CPU
		{239EE590-A88B-481C-937A-8A8164B34D4A}.Debug|Any CPU.ActiveCfg = Debug|Any CPU
		{239EE590-A88B-481C-937A-8A8164B34D4A}.Debug|Any CPU.Build.0 = Debug|Any CPU
		{239EE590-A88B-481C-937A-8A8164B34D4A}.Release|Any CPU.ActiveCfg = Release|Any CPU
		{239EE590-A88B-481C-937A-8A8164B34D4A}.Release|Any CPU.Build.0 = Release|Any CPU
	EndGlobalSection
	GlobalSection(SolutionProperties) = preSolution
		HideSolutionNode = FALSE
	EndGlobalSection
	GlobalSection(ExtensibilityGlobals) = postSolution
		SolutionGuid = {D63F79C5-EF16-4A13-BBD9-706EDC85463F}
	EndGlobalSection
EndGlobal
